version = 1
revision = 3
requires-python = ">=3.10"

[[package]]
name = "attack3-hud"
version = "0.1.0"
source = { editable = "." }
dependencies = [
    { name = "pygame-ce" },
]

[package.metadata]
requires-dist = [{ name = "pygame-ce", specifier = ">=2.5.0" }]

[[package]]
name = "pygame-ce"
version = "2.5.8"
source = { registry = "https://pypi.org/simple" }
sdist = { url = "https://files.pythonhosted.org/packages/26/2d/0f942ec31d558a6a1f2fd0df9965ff0055f165ed5b8d36f6509b1f3768a2/pygame_ce-2.5.8.tar.gz", hash = "sha256:3c8e69088ead310037972c391306ea58e74d7296b35d1890067749235fd554ba", size = 5300831, upload-time = "2026-08-09T11:39:49.226Z" }
wheels = [
    { url = "https://files.pythonhosted.org/packages/22/e3/7b4afd3a116d06345bf67abb80f8da69338b00e1b7760fa93b509aea9655/pygame_ce-2.5.8-cp310-cp310-macosx_10_11_universal2.whl", hash = "sha256:e43021583000ff05657517f1455b6183d69796a39781ef91f82b5b2b869d4156", size = 16594146, upload-time = "2026-08-09T11:37:51.42Z" },
    { url = "https://files.pythonhosted.org/packages/26/53/aae8515c5bfa1bf1724282c0414c4b406b5e15c202303b02fb9cf3cf85eb/pygame_ce-2.5.8-cp310-cp310-manylinux2014_aarch64.manylinux_2_17_aarch64.whl", hash = "sha256:514f2c13e008af13cbc45ef93e897af1d192bec35f07f8894212926286e89ef0", size = 12062172, upload-time = "2026-08-09T11:37:54.365Z" },
    { url = "https://files.pythonhosted.org/packages/86/b8/da5babccf83873bbfbeed8099706826b2da7409a4d7f60da9d263d200895/pygame_ce-2.5.8-cp310-cp310-manylinux2014_i686.manylinux_2_17_i686.whl", hash = "sha256:49aca63362d075c6efbf0571380b759c7a87341ae474acd23d897f3307bb9506", size = 12602449, upload-time = "2026-08-09T11:37:56.787Z" },
    { url = "https://files.pythonhosted.org/packages/12/5c/2e98e55c00ccc84dc8153fdb0ca457629b04b4035ad1504d8e1d5230dae4/pygame_ce-2.5.8-cp310-cp310-manylinux2014_x86_64.manylinux_2_17_x86_64.whl", hash = "sha256:6de2f738e0a6130f70ae47cf8da8845b2f228014f2c71b37477f10fb1febec5a", size = 12157347, upload-time = "2026-08-09T11:37:59.187Z" },
    { url = "https://files.pythonhosted.org/packages/fc/a7/5461a494e2ce27959574783af3ee539d64fd6aba53821a11f76f99efcc1f/pygame_ce-2.5.8-cp310-cp310-win32.whl", hash = "sha256:ceabf943fb485dbcdc497d504bf267463e1d8ec62973a637635a03be312eb215", size = 9125253, upload-time = "2026-08-09T11:38:01.674Z" },
    { url = "https://files.pythonhosted.org/packages/0a/ab/cb70e088badbe81514560c7bf432857c2a95e2be78a19764f8b7fb7ca41d/pygame_ce-2.5.8-cp310-cp310-win_amd64.whl", hash = "sha256:15a408aa324c7d3f465a80595a0cf2525c74ef147479a7b37322dbc1d99b8edf", size = 9667294, upload-time = "2026-08-09T11:38:04.222Z" },
    { url = "https://files.pythonhosted.org/packages/97/9b/884fb7367951e74e7f77061bb08e893272794c07b1212dc61ba258c3c71e/pygame_ce-2.5.8-cp311-cp311-macosx_10_11_universal2.whl", hash = "sha256:9e98223c8874177c8441923a8f60da76b1de9d7f2450602a4c7ef24c15e84f1a", size = 16588698, upload-time = "2026-08-09T11:38:07.009Z" },
    { url = "https://files.pythonhosted.org/packages/6f/7d/b3f3a58cd09e97dbbedde419bedb7ead1f7e4d3cd6465b00bdf56766ded9/pygame_ce-2.5.8-cp311-cp311-manylinux2014_aarch64.manylinux_2_17_aarch64.whl", hash = "sha256:a7b2a54548926eaf535ac574cfa6528f96bd1e2f524a20fea514b2922dd68bcc", size = 12060566, upload-time = "2026-08-09T11:38:09.516Z" },
    { url = "https://files.pythonhosted.org/packages/ca/8b/7ba5dbf40ff461984327539a6895ada8ab2eac4c035238f97a0fd9da9866/pygame_ce-2.5.8-cp311-cp311-manylinux2014_i686.manylinux_2_17_i686.whl", hash = "sha256:ff283d1bee65e208cf2f0da7f2f4e3d0993d1787938898de2872fbefab1f786b", size = 12599420, upload-time = "2026-08-09T11:38:12.101Z" },
    { url = "https://files.pythonhosted.org/packages/05/02/c315738725cd08d2ff4cc8f8dd29638e69e70f200d3610bcd291cbb886b8/pygame_ce-2.5.8-cp311-cp311-manylinux2014_x86_64.manylinux_2_17_x86_64.whl", hash = "sha256:33e1b5a78cd6d25c2c8f00c09cdc0ba8000eec81b53dc7d8d7323d8319691d69", size = 12155284, upload-time = "2026-08-09T11:38:14.456Z" },
    { url = "https://files.pythonhosted.org/packages/17/3d/b9d57ebab57fdef946626ae275b111c077b83fe0d0ccc3a2ec12b17523d2/pygame_ce-2.5.8-cp311-cp311-win32.whl", hash = "sha256:b919b49b8a41564f7d0ad43f6dc97a66f29d3956fb592581f4abd62442644c9c", size = 9122893, upload-time = "2026-08-09T11:38:16.789Z" },
    { url = "https://files.pythonhosted.org/packages/e7/68/54cbebea295bbd9598604e3b4c3ef2aff75df1612482c2d102963151096c/pygame_ce-2.5.8-cp311-cp311-win_amd64.whl", hash = "sha256:0f75f6cf17607e380687aa5551c46aa830c8037b2950c71e48be8891ddc737da", size = 9666898, upload-time = "2026-08-09T11:38:19.213Z" },
    { url = "https://files.pythonhosted.org/packages/b7/8a/79129cc0c755d639d180a582869e4c7a0d5106dbf611262bcf5d554ce59d/pygame_ce-2.5.8-cp311-cp311-win_arm64.whl", hash = "sha256:8e7931bd6b8ffc1474e7b3d5717e18bf8ff3eed95ab9042f1b9a0907e9ff6519", size = 10212252, upload-time = "2026-08-09T11:38:21.537Z" },
    { url = "https://files.pythonhosted.org/packages/ab/2a/9c48c56cb36baa49d8732fc41896d2d8a6027bf94155aa1a5663fd72f7ff/pygame_ce-2.5.8-cp312-cp312-macosx_10_13_universal2.whl", hash = "sha256:0ae2141c81595b4b13b780d325b9ea0016c6647f8b3a6004278b00765a96664d", size = 16570732, upload-time = "2026-08-09T11:38:24.118Z" },
    { url = "https://files.pythonhosted.org/packages/a6/83/f4979079f5a8f729b0f488e987db1227086816c26e1b985d61fc9a60605f/pygame_ce-2.5.8-cp312-cp312-manylinux2014_aarch64.manylinux_2_17_aarch64.whl", hash = "sha256:e401643af9455cb69f8cb77050c325f290314da0051e9ab82c5ccaf8017c314a", size = 12048869, upload-time = "2026-08-09T11:38:26.733Z" },
    { url = "https://files.pythonhosted.org/packages/8b/38/9961f6543bfb4ecc4dbeee0fdb57edbd633945dc143df9c70ee476416cc4/pygame_ce-2.5.8-cp312-cp312-manylinux2014_i686.manylinux_2_17_i686.whl", hash = "sha256:6d4839f127b1b66f1dfe7e0dca3d2233b6f3a63077690081d1996e24087c6055", size = 12587614, upload-time = "2026-08-09T11:38:29.143Z" },
    { url = "https://files.pythonhosted.org/packages/1e/07/e139faa8911d48991e161e356e652be2a642303f3baf6a57c7ba4a1f0f49/pygame_ce-2.5.8-cp312-cp312-manylinux2014_x86_64.manylinux_2_17_x86_64.whl", hash = "sha256:bf9c8b4376077efec6ae31443172ae98545f278d0e4426852e81c28ab1f5d7c2", size = 12147342, upload-time = "2026-08-09T11:38:32.166Z" },
    { url = "https://files.pythonhosted.org/packages/e3/e6/238b48936733ed1908486df072137e7eef61fd26de4620d54e438b69d509/pygame_ce-2.5.8-cp312-cp312-win32.whl", hash = "sha256:91d2434d8cbdb7cd04c9b37e76a8154641da25f4e274265806407f495fe6e889", size = 9126160, upload-time = "2026-08-09T11:38:34.812Z" },
    { url = "https://files.pythonhosted.org/packages/81/13/2bba0ebe563047ae9de68dc05656dc0bfa9394c60970548b06d2f2e106c5/pygame_ce-2.5.8-cp312-cp312-win_amd64.whl", hash = "sha256:2cfe8afe1e7955780f0bd4f01d65f1b4903f561407052081cfcec31e80957c3c", size = 9668595, upload-time = "2026-08-09T11:38:37.279Z" },
    { url = "https://files.pythonhosted.org/packages/b1/2e/871161f0546d549fa458609029771d7a36c1e7758e164a3b2c2ed61b507b/pygame_ce-2.5.8-cp312-cp312-win_arm64.whl", hash = "sha256:6c48a3ad5f7102e076055a3c817c12e932ee5c9b831080db2ea9754236b0490d", size = 10213955, upload-time = "2026-08-09T11:38:39.559Z" },
    { url = "https://files.pythonhosted.org/packages/8a/06/f2e2d9fe3eb2dc1fde30b90e250274e85ba355af729892ac71ba653924a1/pygame_ce-2.5.8-cp313-cp313-macosx_10_13_universal2.whl", hash = "sha256:56441a9bb75c2461750dc0e6e4a46e3833b3cf6339bfbaf16f93ecac037510f3", size = 16562516, upload-time = "2026-08-09T11:38:42.311Z" },
    { url = "https://files.pythonhosted.org/packages/4d/fe/4be67df98bb05f7b024900f80fe4d07a72cec7022262d17c449b2a9f6034/pygame_ce-2.5.8-cp313-cp313-manylinux2014_aarch64.manylinux_2_17_aarch64.whl", hash = "sha256:e3183bc0d808e739ca2400df45a5bfae10704ccbcacab0f04f9adc9027e86427", size = 12045702, upload-time = "2026-08-09T11:38:44.903Z" },
    { url = "https://files.pythonhosted.org/packages/5d/8f/f7d283799aaa2208c1276f085d514f2ac37ce1bb5df940c7cbac7e6a6320/pygame_ce-2.5.8-cp313-cp313-manylinux2014_i686.manylinux_2_17_i686.whl", hash = "sha256:841aecccb498419367936bea0b1b0c6e9d635dc81c41ef26ec1769158f1ab871", size = 12585829, upload-time = "2026-08-09T11:38:47.507Z" },
    { url = "https://files.pythonhosted.org/packages/27/4d/03fd52c7f958b8e929757a118cada9aee16ae9d4fd84f2682ee0cbd3941d/pygame_ce-2.5.8-cp313-cp313-manylinux2014_x86_64.manylinux_2_17_x86_64.whl", hash = "sha256:5bb966b610e161a8f6d908b4c62ef3a1f3e922bc7bed73bd70a3e15dc780b90e", size = 12145623, upload-time = "2026-08-09T11:38:49.87Z" },
    { url = "https://files.pythonhosted.org/packages/6e/61/c02613190a3256a656258bb4f677aecc09c3cb1f5521490ce7d5fb6308dd/pygame_ce-2.5.8-cp313-cp313-win32.whl", hash = "sha256:cab944d76af71e707803856b4db984ca90d9d6453e470e89771ed963c11ed912", size = 9123635, upload-time = "2026-08-09T11:38:52.452Z" },
    { url = "https://files.pythonhosted.org/packages/c0/1b/da9186e5b88714c16fdb23bc4ba0bca4a75c21e3a5cf9607765773f68d22/pygame_ce-2.5.8-cp313-cp313-win_amd64.whl", hash = "sha256:f495b0eb7a5c54c59da58e964bc7f68073c3f43cf307729fd48309104a04c190", size = 9668342, upload-time = "2026-08-09T11:38:54.988Z" },
    { url = "https://files.pythonhosted.org/packages/55/d3/78136bc51be25afbd7954c22488860e80f32d9a885f6667fed8aac7df0d6/pygame_ce-2.5.8-cp313-cp313-win_arm64.whl", hash = "sha256:dea22b4d4c418bbd0bd9853ae797ecfa882436d2684ceb6063ba8b520adc8500", size = 10211021, upload-time = "2026-08-09T11:38:57.529Z" },
    { url = "https://files.pythonhosted.org/packages/4d/e6/8e83904cf4184223419345a78c905e7c1ace10228befd87eb497ba015c8c/pygame_ce-2.5.8-cp314-cp314-macosx_10_15_universal2.whl", hash = "sha256:7ec4efa6b57a194f5ad51b92211cc74b485320df951b0cc870235b2b889b9b6d", size = 16571019, upload-time = "2026-08-09T11:39:00.084Z" },
    { url = "https://files.pythonhosted.org/packages/2e/f3/4f90a0b5e86635d741111084eaa4d4c65fcab2f461edb8c9efa502e4c630/pygame_ce-2.5.8-cp314-cp314-manylinux2014_aarch64.manylinux_2_17_aarch64.whl", hash = "sha256:bb91d0bb0b5e2a4da61910d752769d4580cacffb4b7338cee57c932351c67e7b", size = 12051251, upload-time = "2026-08-09T11:39:02.561Z" },
    { url = "https://files.pythonhosted.org/packages/99/7e/b0c4f5d43261e8707353ef40cf6620d46d42f43a502c236e93ce6ea82e7b/pygame_ce-2.5.8-cp314-cp314-manylinux2014_i686.manylinux_2_17_i686.whl", hash = "sha256:68bd9c4ac42bb2549c034d56399404f16c87c56714db721ed975a759798a3d16", size = 12585932, upload-time = "2026-08-09T11:39:04.989Z" },
    { url = "https://files.pythonhosted.org/packages/dd/62/06f0ceb7f5a154e0071a4ce81a16de47b9f3b85034fa391686d489d15be5/pygame_ce-2.5.8-cp314-cp314-manylinux2014_x86_64.manylinux_2_17_x86_64.whl", hash = "sha256:0027bd2255cbb39789d9c7ff95a5f040f56d1cfeb09504497447c0ee06169a24", size = 12147357, upload-time = "2026-08-09T11:39:07.433Z" },
    { url = "https://files.pythonhosted.org/packages/05/57/14d6b40318af71cf20e4c750866795424e018f79c5a5cf3a9a74a8717c4c/pygame_ce-2.5.8-cp314-cp314-win32.whl", hash = "sha256:c5285d444e4b789ef95522bbd2b90433163ad2b89e0ae4891236fde88a027fbd", size = 9255121, upload-time = "2026-08-09T11:39:09.723Z" },
    { url = "https://files.pythonhosted.org/packages/f1/31/92d32a9bf9b78e9ef10cec7224e2f00efc957757505822af8dc4225e9b41/pygame_ce-2.5.8-cp314-cp314-win_amd64.whl", hash = "sha256:b4c2e28c201240199356952e6bd0221969d2eb8a1a15c3454d77db209bad7891", size = 9833757, upload-time = "2026-08-09T11:39:11.989Z" },
    { url = "https://files.pythonhosted.org/packages/5a/26/4024483d4a3161ed8fb8d3f3f4957580af31d468e0c31df7e6038f45ccdc/pygame_ce-2.5.8-cp314-cp314-win_arm64.whl", hash = "sha256:b23034594412456504822d3088cf5f292f63bbe415eac29735340a59999e4116", size = 10410381, upload-time = "2026-08-09T11:39:14.417Z" },
    { url = "https://files.pythonhosted.org/packages/fd/11/0b47f80b261d6379c86b9cc3fa405af5bd62af10506de7e28c2275d67b86/pygame_ce-2.5.8-cp315-cp315-macosx_10_15_universal2.whl", hash = "sha256:0a4e0804d53bae8d9aa5192fc2259b40dd084b48ea273dd7dd6e1c12b73303c4", size = 16571139, upload-time = "2026-08-09T11:39:16.979Z" },
    { url = "https://files.pythonhosted.org/packages/f1/95/694cd02641a0c0956b6c5919b56599af302524ac133551b654f550f28919/pygame_ce-2.5.8-cp315-cp315-manylinux2014_aarch64.manylinux_2_17_aarch64.whl", hash = "sha256:d7f03d38b3693c014dd47d4e281620b6756669129e545af1cd608a9484582846", size = 12051154, upload-time = "2026-08-09T11:39:19.873Z" },
    { url = "https://files.pythonhosted.org/packages/da/5e/bed22b0d07d9e96bb9a448acc9da7a235f046280264c33476f0c0753d302/pygame_ce-2.5.8-cp315-cp315-manylinux2014_i686.manylinux_2_17_i686.whl", hash = "sha256:d084b79535f3529aa157edd9401f4f33e5082f318d287029291d6596bb225105", size = 12585976, upload-time = "2026-08-09T11:39:22.555Z" },
    { url = "https://files.pythonhosted.org/packages/21/ce/8c167ba5ba736e372730ae29ef0f8cb2e62a88580e647ae987bc112eb1cb/pygame_ce-2.5.8-cp315-cp315-manylinux2014_x86_64.manylinux_2_17_x86_64.whl", hash = "sha256:d9cbf6e2648ae6d76aa8ece82187d240300cfd9f4c90860e1e466f78cf0ab14a", size = 12147466, upload-time = "2026-08-09T11:39:24.935Z" },
    { url = "https://files.pythonhosted.org/packages/63/92/c99ed51479f2d2a5d7fc9d5aa3b880e4c0fcc87f30cb95ecf325f35dd2fd/pygame_ce-2.5.8-cp315-cp315-win32.whl", hash = "sha256:312a01ff5439a0bd2e55b56683518454da4cbe4cad493d0580e9c49f6aacc2d8", size = 9254928, upload-time = "2026-08-09T11:39:29.525Z" },
    { url = "https://files.pythonhosted.org/packages/87/41/404836598d666ffe02681fd0c29f013daaa8baf18e5de5f7a5d4870b6105/pygame_ce-2.5.8-cp315-cp315-win_amd64.whl", hash = "sha256:5b789aa7e4239be025c9de8428c2c422f0811f0e3dd702b574d836fd9ae040eb", size = 9833657, upload-time = "2026-08-09T11:39:31.897Z" },
    { url = "https://files.pythonhosted.org/packages/5f/a2/7a844f772c6f0967e75d49cb10602fbb878b9daee1cc080d2b9597bcc873/pygame_ce-2.5.8-cp315-cp315-win_arm64.whl", hash = "sha256:28c4fed3870e3edf72ea7ea359bb5f64c55db0fb9cb3bdb26b4b674b4b4bcff4", size = 10410231, upload-time = "2026-08-09T11:39:34.184Z" },
    { url = "https://files.pythonhosted.org/packages/9f/b8/525dfcfda50ea9e98cd4097d6d0beabcfa0a6007475c04dab2021077c6de/pygame_ce-2.5.8-pp311-pypy311_pp73-macosx_10_15_universal2.whl", hash = "sha256:0aa908c9fce4d508205e0b9cdc0f7338066da63322f6bcaa9a9c8aff9155a87e", size = 16485912, upload-time = "2026-08-09T11:39:37.277Z" },
    { url = "https://files.pythonhosted.org/packages/bc/33/d02386a4314be22bc6198d93c2d99f372c0c8c7b71fc9c390cf36d5c5c99/pygame_ce-2.5.8-pp311-pypy311_pp73-manylinux2014_aarch64.manylinux_2_17_aarch64.whl", hash = "sha256:894faf17699ea7f14eabd9161ef532c1d248e40f568dab9240fc68b4c1ea85dc", size = 12008829, upload-time = "2026-08-09T11:39:39.717Z" },
    { url = "https://files.pythonhosted.org/packages/f5/26/a14abbac97c681385dbb01d5c44c867992dbf2265a784af35141c485813e/pygame_ce-2.5.8-pp311-pypy311_pp73-manylinux2014_i686.manylinux_2_17_i686.whl", hash = "sha256:0d0c4b2b38e1946ea7a7c625ea317e237573e8731e4a56055eb4361b3c2daa0f", size = 12538786, upload-time = "2026-08-09T11:39:42.37Z" },
    { url = "https://files.pythonhosted.org/packages/28/6c/2a8d9ca41d40e2d30e940107a019bbc17de518948c360789f59a439d689a/pygame_ce-2.5.8-pp311-pypy311_pp73-manylinux2014_x86_64.manylinux_2_17_x86_64.whl", hash = "sha256:9ea02f653f76d496870766e1fb8419b6a6aebd81d40265057672f1f6d63d3509", size = 12102335, upload-time = "2026-08-09T11:39:44.64Z" },
    { url = "https://files.pythonhosted.org/packages/47/b5/1068d4d24891b17fcb6cf3556b1de8d5821a2bc44ebbea2b25dbd767ae2b/pygame_ce-2.5.8-pp311-pypy311_pp73-win_amd64.whl", hash = "sha256:f2f2f1c03dc8d4460779f9e55f959a7c7e523101b3530f60f3208e5ca65a6216", size = 9635346, upload-time = "2026-08-09T11:39:46.968Z" },
]
